
Microsoft Visual Studio Solution File, Format Version 12.00
# Visual Studio 15
VisualStudioVersion = 15.0.28307.1525
MinimumVisualStudioVersion = 10.0.40219.1
Project("{FAE04EC0-301F-11D3-BF4B-00C04F79EFBC}") = "Importer_SIAS", "Importer\Importer_SIAS.csproj", "{691BBE86-D10E-4E98-9565-FC17613E76B5}"
EndProject
<<<<<<< HEAD:eteamImporter/eteamImporter（Ver01.02.04.02）/Importer.sln
Project("{FAE04EC0-301F-11D3-BF4B-00C04F79EFBC}") = "IMPORTERSUB", "..\IMPORTERSUB(V02280103)_20240526ツルハカスタマイズ対応\IMPORTERSUB.csproj", "{6921B2C4-29DD-4C2D-AE74-2682225C8CBA}"
=======
Project("{FAE04EC0-301F-11D3-BF4B-00C04F79EFBC}") = "IMPORTERSUB", "..\IMPORTERSUB(V02280102)_20240401ツルハカスタマイズ対応\IMPORTERSUB.csproj", "{6921B2C4-29DD-4C2D-AE74-2682225C8CBA}"
>>>>>>> origin/main:eteamImporter/eteamImporter（Ver01.02.04.01）/Importer.sln
EndProject
Global
	GlobalSection(SolutionConfigurationPlatforms) = preSolution
		Debug|Any CPU = Debug|Any CPU
		Debug|x64 = Debug|x64
		Debug|x86 = Debug|x86
		Release|Any CPU = Release|Any CPU
		Release|x64 = Release|x64
		Release|x86 = Release|x86
	EndGlobalSection
	GlobalSection(ProjectConfigurationPlatforms) = postSolution
		{691BBE86-D10E-4E98-9565-FC17613E76B5}.Debug|Any CPU.ActiveCfg = Debug|Any CPU
		{691BBE86-D10E-4E98-9565-FC17613E76B5}.Debug|Any CPU.Build.0 = Debug|Any CPU
		{691BBE86-D10E-4E98-9565-FC17613E76B5}.Debug|x64.ActiveCfg = Debug|Any CPU
		{691BBE86-D10E-4E98-9565-FC17613E76B5}.Debug|x64.Build.0 = Debug|Any CPU
		{691BBE86-D10E-4E98-9565-FC17613E76B5}.Debug|x86.ActiveCfg = Debug|Any CPU
		{691BBE86-D10E-4E98-9565-FC17613E76B5}.Debug|x86.Build.0 = Debug|Any CPU
		{691BBE86-D10E-4E98-9565-FC17613E76B5}.Release|Any CPU.ActiveCfg = Release|Any CPU
		{691BBE86-D10E-4E98-9565-FC17613E76B5}.Release|Any CPU.Build.0 = Release|Any CPU
		{691BBE86-D10E-4E98-9565-FC17613E76B5}.Release|x64.ActiveCfg = Release|Any CPU
		{691BBE86-D10E-4E98-9565-FC17613E76B5}.Release|x64.Build.0 = Release|Any CPU
		{691BBE86-D10E-4E98-9565-FC17613E76B5}.Release|x86.ActiveCfg = Release|Any CPU
		{691BBE86-D10E-4E98-9565-FC17613E76B5}.Release|x86.Build.0 = Release|Any CPU
		{6921B2C4-29DD-4C2D-AE74-2682225C8CBA}.Debug|Any CPU.ActiveCfg = Debug|Any CPU
		{6921B2C4-29DD-4C2D-AE74-2682225C8CBA}.Debug|Any CPU.Build.0 = Debug|Any CPU
		{6921B2C4-29DD-4C2D-AE74-2682225C8CBA}.Debug|x64.ActiveCfg = Debug|Any CPU
		{6921B2C4-29DD-4C2D-AE74-2682225C8CBA}.Debug|x64.Build.0 = Debug|Any CPU
		{6921B2C4-29DD-4C2D-AE74-2682225C8CBA}.Debug|x86.ActiveCfg = Debug|Any CPU
		{6921B2C4-29DD-4C2D-AE74-2682225C8CBA}.Debug|x86.Build.0 = Debug|Any CPU
		{6921B2C4-29DD-4C2D-AE74-2682225C8CBA}.Release|Any CPU.ActiveCfg = Release|Any CPU
		{6921B2C4-29DD-4C2D-AE74-2682225C8CBA}.Release|Any CPU.Build.0 = Release|Any CPU
		{6921B2C4-29DD-4C2D-AE74-2682225C8CBA}.Release|x64.ActiveCfg = Release|Any CPU
		{6921B2C4-29DD-4C2D-AE74-2682225C8CBA}.Release|x64.Build.0 = Release|Any CPU
		{6921B2C4-29DD-4C2D-AE74-2682225C8CBA}.Release|x86.ActiveCfg = Release|Any CPU
		{6921B2C4-29DD-4C2D-AE74-2682225C8CBA}.Release|x86.Build.0 = Release|Any CPU
	EndGlobalSection
	GlobalSection(SolutionProperties) = preSolution
		HideSolutionNode = FALSE
	EndGlobalSection
	GlobalSection(ExtensibilityGlobals) = postSolution
		SolutionGuid = {70BFF54D-6066-481D-9C90-846202AFD3DD}
	EndGlobalSection
EndGlobal
